
Microsoft Visual Studio Solution File, Format Version 12.00
# Visual Studio Version 16
VisualStudioVersion = 16.0.32510.428
MinimumVisualStudioVersion = 10.0.40219.1
Project("{9A19103F-16F7-4668-BE54-9A1E7A4F7556}") = "6502 Emulator", "6502 Emulator\6502 Emulator.csproj", "{73580F29-DE4C-43C3-BA89-1930FFB2A2F1}"
EndProject
Project("{FAE04EC0-301F-11D3-BF4B-00C04F79EFBC}") = "6502 EmulatorTests", "6502 EmulatorTests\6502 EmulatorTests.csproj", "{78905904-F7C4-411C-A224-991652433C5F}"
EndProject
Global
	GlobalSection(SolutionConfigurationPlatforms) = preSolution
		Debug|Any CPU = Debug|Any CPU
		Release|Any CPU = Release|Any CPU
	EndGlobalSection
	GlobalSection(ProjectConfigurationPlatforms) = postSolution
		{73580F29-DE4C-43C3-BA89-1930FFB2A2F1}.Debug|Any CPU.ActiveCfg = Debug|Any CPU
		{73580F29-DE4C-43C3-BA89-1930FFB2A2F1}.Debug|Any CPU.Build.0 = Debug|Any CPU
		{73580F29-DE4C-43C3-BA89-1930FFB2A2F1}.Release|Any CPU.ActiveCfg = Release|Any CPU
		{73580F29-DE4C-43C3-BA89-1930FFB2A2F1}.Release|Any CPU.Build.0 = Release|Any CPU
		{78905904-F7C4-411C-A224-991652433C5F}.Debug|Any CPU.ActiveCfg = Debug|Any CPU
		{78905904-F7C4-411C-A224-991652433C5F}.Debug|Any CPU.Build.0 = Debug|Any CPU
		{78905904-F7C4-411C-A224-991652433C5F}.Release|Any CPU.ActiveCfg = Release|Any CPU
		{78905904-F7C4-411C-A224-991652433C5F}.Release|Any CPU.Build.0 = Release|Any CPU
	EndGlobalSection
	GlobalSection(SolutionProperties) = preSolution
		HideSolutionNode = FALSE
	EndGlobalSection
	GlobalSection(ExtensibilityGlobals) = postSolution
		SolutionGuid = {4199AF40-611A-401A-826A-D7C9275EBE01}
	EndGlobalSection
EndGlobal
